
Microsoft Visual Studio Solution File, Format Version 12.00
# Visual Studio 15
VisualStudioVersion = 15.0.28010.2019
MinimumVisualStudioVersion = 10.0.40219.1
Project("{FAE04EC0-301F-11D3-BF4B-00C04F79EFBC}") = "TheCoopAntiques", "TheCoopAntiques\TheCoopAntiques.csproj", "{B01429F7-FF6A-4F60-BBB6-FA63D92148FA}"
EndProject
Global
	GlobalSection(SolutionConfigurationPlatforms) = preSolution
		Debug|Any CPU = Debug|Any CPU
		Release|Any CPU = Release|Any CPU
	EndGlobalSection
	GlobalSection(ProjectConfigurationPlatforms) = postSolution
		{B01429F7-FF6A-4F60-BBB6-FA63D92148FA}.Debug|Any CPU.ActiveCfg = Debug|Any CPU
		{B01429F7-FF6A-4F60-BBB6-FA63D92148FA}.Debug|Any CPU.Build.0 = Debug|Any CPU
		{B01429F7-FF6A-4F60-BBB6-FA63D92148FA}.Release|Any CPU.ActiveCfg = Release|Any CPU
		{B01429F7-FF6A-4F60-BBB6-FA63D92148FA}.Release|Any CPU.Build.0 = Release|Any CPU
	EndGlobalSection
	GlobalSection(SolutionProperties) = preSolution
		HideSolutionNode = FALSE
	EndGlobalSection
	GlobalSection(ExtensibilityGlobals) = postSolution
		SolutionGuid = {22B1483C-43B6-4642-8B61-3E37270F9B86}
	EndGlobalSection
EndGlobal
